
Microsoft Visual Studio Solution File, Format Version 12.00
# Visual Studio 15
VisualStudioVersion = 15.0.28010.2036
MinimumVisualStudioVersion = 10.0.40219.1
Project("{888888A0-9F3D-457C-B088-3A5042F75D52}") = "Data Science Home Exam", "Data Science Home Exam\Data Science Home Exam.pyproj", "{14F5EB58-B5AB-4F25-BBF2-F0570D9F3B5E}"
EndProject
Global
	GlobalSection(SolutionConfigurationPlatforms) = preSolution
		Debug|Any CPU = Debug|Any CPU
		Release|Any CPU = Release|Any CPU
	EndGlobalSection
	GlobalSection(ProjectConfigurationPlatforms) = postSolution
		{14F5EB58-B5AB-4F25-BBF2-F0570D9F3B5E}.Debug|Any CPU.ActiveCfg = Debug|Any CPU
		{14F5EB58-B5AB-4F25-BBF2-F0570D9F3B5E}.Release|Any CPU.ActiveCfg = Release|Any CPU
	EndGlobalSection
	GlobalSection(SolutionProperties) = preSolution
		HideSolutionNode = FALSE
	EndGlobalSection
	GlobalSection(ExtensibilityGlobals) = postSolution
		SolutionGuid = {37BBD95D-0D59-4018-8B0B-AB9AAFD3D802}
	EndGlobalSection
EndGlobal
